
Microsoft Visual Studio Solution File, Format Version 12.00
# Visual Studio 15
VisualStudioVersion = 15.0.26228.9
MinimumVisualStudioVersion = 10.0.40219.1
Project("{FAE04EC0-301F-11D3-BF4B-00C04F79EFBC}") = "1-ая лабораторная", "ConsoleApp1\1-ая лабораторная.csproj", "{2E4A565C-887A-409B-B5F4-E9EE365FB91C}"
EndProject
Project("{FAE04EC0-301F-11D3-BF4B-00C04F79EFBC}") = "4-ая лабораторная", "4-ая лабораторная\4-ая лабораторная.csproj", "{2EAB3F66-C020-47AB-8536-677E808C8E4C}"
EndProject
Project("{FAE04EC0-301F-11D3-BF4B-00C04F79EFBC}") = "5-ая лабораторная", "5-ая лабораторка\5-ая лабораторная.csproj", "{3DB6EFAD-C85B-43F1-BABD-6A214CBF8739}"
EndProject
Project("{FAE04EC0-301F-11D3-BF4B-00C04F79EFBC}") = "6-ая лабораторная", "6-ая лабораторная\6-ая лабораторная.csproj", "{E5D03E18-1990-4C38-90BC-AFCE2D82DE57}"
EndProject
Project("{FAE04EC0-301F-11D3-BF4B-00C04F79EFBC}") = "3-ая лабораторная", "3-ая лабораторная\3-ая лабораторная.csproj", "{75091FF2-AF3D-472E-A0E9-282C2E2ECB3C}"
EndProject
Project("{FAE04EC0-301F-11D3-BF4B-00C04F79EFBC}") = "2 лабка", "2 лабка\2 лабка.csproj", "{887FB79B-6FEC-404E-AA41-1007DD7CBAC6}"
EndProject
Project("{FAE04EC0-301F-11D3-BF4B-00C04F79EFBC}") = "7-ая лабораторная(1 з)", "7-ая лабораторная\7-ая лабораторная(1 з).csproj", "{D897B2BB-D66B-4C41-BBFE-8FC0A12C163C}"
EndProject
Project("{FAE04EC0-301F-11D3-BF4B-00C04F79EFBC}") = "7-ая лабораторная (2 з)", "7-ая лабораторная (2 з)\7-ая лабораторная (2 з).csproj", "{62C174C7-C679-45C1-80FD-EDA43A433216}"
EndProject
Global
	GlobalSection(SolutionConfigurationPlatforms) = preSolution
		Debug|Any CPU = Debug|Any CPU
		Release|Any CPU = Release|Any CPU
	EndGlobalSection
	GlobalSection(ProjectConfigurationPlatforms) = postSolution
		{2E4A565C-887A-409B-B5F4-E9EE365FB91C}.Debug|Any CPU.ActiveCfg = Debug|Any CPU
		{2E4A565C-887A-409B-B5F4-E9EE365FB91C}.Debug|Any CPU.Build.0 = Debug|Any CPU
		{2E4A565C-887A-409B-B5F4-E9EE365FB91C}.Release|Any CPU.ActiveCfg = Release|Any CPU
		{2E4A565C-887A-409B-B5F4-E9EE365FB91C}.Release|Any CPU.Build.0 = Release|Any CPU
		{2EAB3F66-C020-47AB-8536-677E808C8E4C}.Debug|Any CPU.ActiveCfg = Debug|Any CPU
		{2EAB3F66-C020-47AB-8536-677E808C8E4C}.Debug|Any CPU.Build.0 = Debug|Any CPU
		{2EAB3F66-C020-47AB-8536-677E808C8E4C}.Release|Any CPU.ActiveCfg = Release|Any CPU
		{2EAB3F66-C020-47AB-8536-677E808C8E4C}.Release|Any CPU.Build.0 = Release|Any CPU
		{3DB6EFAD-C85B-43F1-BABD-6A214CBF8739}.Debug|Any CPU.ActiveCfg = Debug|Any CPU
		{3DB6EFAD-C85B-43F1-BABD-6A214CBF8739}.Debug|Any CPU.Build.0 = Debug|Any CPU
		{3DB6EFAD-C85B-43F1-BABD-6A214CBF8739}.Release|Any CPU.ActiveCfg = Release|Any CPU
		{3DB6EFAD-C85B-43F1-BABD-6A214CBF8739}.Release|Any CPU.Build.0 = Release|Any CPU
		{E5D03E18-1990-4C38-90BC-AFCE2D82DE57}.Debug|Any CPU.ActiveCfg = Debug|Any CPU
		{E5D03E18-1990-4C38-90BC-AFCE2D82DE57}.Debug|Any CPU.Build.0 = Debug|Any CPU
		{E5D03E18-1990-4C38-90BC-AFCE2D82DE57}.Release|Any CPU.ActiveCfg = Release|Any CPU
		{E5D03E18-1990-4C38-90BC-AFCE2D82DE57}.Release|Any CPU.Build.0 = Release|Any CPU
		{75091FF2-AF3D-472E-A0E9-282C2E2ECB3C}.Debug|Any CPU.ActiveCfg = Debug|Any CPU
		{75091FF2-AF3D-472E-A0E9-282C2E2ECB3C}.Debug|Any CPU.Build.0 = Debug|Any CPU
		{75091FF2-AF3D-472E-A0E9-282C2E2ECB3C}.Release|Any CPU.ActiveCfg = Release|Any CPU
		{75091FF2-AF3D-472E-A0E9-282C2E2ECB3C}.Release|Any CPU.Build.0 = Release|Any CPU
		{887FB79B-6FEC-404E-AA41-1007DD7CBAC6}.Debug|Any CPU.ActiveCfg = Debug|Any CPU
		{887FB79B-6FEC-404E-AA41-1007DD7CBAC6}.Debug|Any CPU.Build.0 = Debug|Any CPU
		{887FB79B-6FEC-404E-AA41-1007DD7CBAC6}.Release|Any CPU.ActiveCfg = Release|Any CPU
		{887FB79B-6FEC-404E-AA41-1007DD7CBAC6}.Release|Any CPU.Build.0 = Release|Any CPU
		{D897B2BB-D66B-4C41-BBFE-8FC0A12C163C}.Debug|Any CPU.ActiveCfg = Debug|Any CPU
		{D897B2BB-D66B-4C41-BBFE-8FC0A12C163C}.Debug|Any CPU.Build.0 = Debug|Any CPU
		{D897B2BB-D66B-4C41-BBFE-8FC0A12C163C}.Release|Any CPU.ActiveCfg = Release|Any CPU
		{D897B2BB-D66B-4C41-BBFE-8FC0A12C163C}.Release|Any CPU.Build.0 = Release|Any CPU
		{62C174C7-C679-45C1-80FD-EDA43A433216}.Debug|Any CPU.ActiveCfg = Debug|Any CPU
		{62C174C7-C679-45C1-80FD-EDA43A433216}.Debug|Any CPU.Build.0 = Debug|Any CPU
		{62C174C7-C679-45C1-80FD-EDA43A433216}.Release|Any CPU.ActiveCfg = Release|Any CPU
		{62C174C7-C679-45C1-80FD-EDA43A433216}.Release|Any CPU.Build.0 = Release|Any CPU
	EndGlobalSection
	GlobalSection(SolutionProperties) = preSolution
		HideSolutionNode = FALSE
	EndGlobalSection
EndGlobal
